// !$*UTF8*$!
{
	archiveVersion = 1;
	classes = {
	};
	objectVersion = 50;
	objects = {

/* Begin PBXBuildFile section */
		AA62BDCB247B72D2008BED5B /* AppDelegate.m in Sources */ = {isa = PBXBuildFile; fileRef = AA62BDCA247B72D2008BED5B /* AppDelegate.m */; };
		AA62BDCE247B72D2008BED5B /* SceneDelegate.m in Sources */ = {isa = PBXBuildFile; fileRef = AA62BDCD247B72D2008BED5B /* SceneDelegate.m */; };
		AA62BDD1247B72D2008BED5B /* ViewController.m in Sources */ = {isa = PBXBuildFile; fileRef = AA62BDD0247B72D2008BED5B /* ViewController.m */; };
		AA62BDD4247B72D2008BED5B /* Main.storyboard in Resources */ = {isa = PBXBuildFile; fileRef = AA62BDD2247B72D2008BED5B /* Main.storyboard */; };
		AA62BDD6247B72D4008BED5B /* Assets.xcassets in Resources */ = {isa = PBXBuildFile; fileRef = AA62BDD5247B72D4008BED5B /* Assets.xcassets */; };
		AA62BDD9247B72D4008BED5B /* LaunchScreen.storyboard in Resources */ = {isa = PBXBuildFile; fileRef = AA62BDD7247B72D4008BED5B /* LaunchScreen.storyboard */; };
		AA62BDDC247B72D4008BED5B /* main.m in Sources */ = {isa = PBXBuildFile; fileRef = AA62BDDB247B72D4008BED5B /* main.m */; };
		AA62BDE4247B76C6008BED5B /* MA_ThreadVC.m in Sources */ = {isa = PBXBuildFile; fileRef = AA62BDE3247B76C6008BED5B /* MA_ThreadVC.m */; };
		AA98DA5B2498D76E00FB1BEC /* MA_Model.m in Sources */ = {isa = PBXBuildFile; fileRef = AA98DA5A2498D76E00FB1BEC /* MA_Model.m */; };
		AAB804E2248F7AE30044CDEF /* MA_Thread.m in Sources */ = {isa = PBXBuildFile; fileRef = AAB804E1248F7AE30044CDEF /* MA_Thread.m */; };
		AAB804E52490CC550044CDEF /* MA_ThreadDemoVC.m in Sources */ = {isa = PBXBuildFile; fileRef = AAB804E42490CC550044CDEF /* MA_ThreadDemoVC.m */; };
/* End PBXBuildFile section */

/* Begin PBXFileReference section */
		AA62BDC6247B72D2008BED5B /* ThreadDemo.app */ = {isa = PBXFileReference; explicitFileType = wrapper.application; includeInIndex = 0; path = ThreadDemo.app; sourceTree = BUILT_PRODUCTS_DIR; };
		AA62BDC9247B72D2008BED5B /* AppDelegate.h */ = {isa = PBXFileReference; lastKnownFileType = sourcecode.c.h; path = AppDelegate.h; sourceTree = "<group>"; };
		AA62BDCA247B72D2008BED5B /* AppDelegate.m */ = {isa = PBXFileReference; lastKnownFileType = sourcecode.c.objc; path = AppDelegate.m; sourceTree = "<group>"; };
		AA62BDCC247B72D2008BED5B /* SceneDelegate.h */ = {isa = PBXFileReference; lastKnownFileType = sourcecode.c.h; path = SceneDelegate.h; sourceTree = "<group>"; };
		AA62BDCD247B72D2008BED5B /* SceneDelegate.m */ = {isa = PBXFileReference; lastKnownFileType = sourcecode.c.objc; path = SceneDelegate.m; sourceTree = "<group>"; };
		AA62BDCF247B72D2008BED5B /* ViewController.h */ = {isa = PBXFileReference; lastKnownFileType = sourcecode.c.h; path = ViewController.h; sourceTree = "<group>"; };
		AA62BDD0247B72D2008BED5B /* ViewController.m */ = {isa = PBXFileReference; lastKnownFileType = sourcecode.c.objc; path = ViewController.m; sourceTree = "<group>"; };
		AA62BDD3247B72D2008BED5B /* Base */ = {isa = PBXFileReference; lastKnownFileType = file.storyboard; name = Base; path = Base.lproj/Main.storyboard; sourceTree = "<group>"; };
		AA62BDD5247B72D4008BED5B /* Assets.xcassets */ = {isa = PBXFileReference; lastKnownFileType = folder.assetcatalog; path = Assets.xcassets; sourceTree = "<group>"; };
		AA62BDD8247B72D4008BED5B /* Base */ = {isa = PBXFileReference; lastKnownFileType = file.storyboard; name = Base; path = Base.lproj/LaunchScreen.storyboard; sourceTree = "<group>"; };
		AA62BDDA247B72D4008BED5B /* Info.plist */ = {isa = PBXFileReference; lastKnownFileType = text.plist.xml; path = Info.plist; sourceTree = "<group>"; };
		AA62BDDB247B72D4008BED5B /* main.m */ = {isa = PBXFileReference; lastKnownFileType = sourcecode.c.objc; path = main.m; sourceTree = "<group>"; };
		AA62BDE2247B76C6008BED5B /* MA_ThreadVC.h */ = {isa = PBXFileReference; lastKnownFileType = sourcecode.c.h; path = MA_ThreadVC.h; sourceTree = "<group>"; };
		AA62BDE3247B76C6008BED5B /* MA_ThreadVC.m */ = {isa = PBXFileReference; lastKnownFileType = sourcecode.c.objc; path = MA_ThreadVC.m; sourceTree = "<group>"; };
		AA98DA592498D76E00FB1BEC /* MA_Model.h */ = {isa = PBXFileReference; lastKnownFileType = sourcecode.c.h; path = MA_Model.h; sourceTree = "<group>"; };
		AA98DA5A2498D76E00FB1BEC /* MA_Model.m */ = {isa = PBXFileReference; lastKnownFileType = sourcecode.c.objc; path = MA_Model.m; sourceTree = "<group>"; };
		AAB804E0248F7AE30044CDEF /* MA_Thread.h */ = {isa = PBXFileReference; lastKnownFileType = sourcecode.c.h; path = MA_Thread.h; sourceTree = "<group>"; };
		AAB804E1248F7AE30044CDEF /* MA_Thread.m */ = {isa = PBXFileReference; lastKnownFileType = sourcecode.c.objc; path = MA_Thread.m; sourceTree = "<group>"; };
		AAB804E32490CC550044CDEF /* MA_ThreadDemoVC.h */ = {isa = PBXFileReference; lastKnownFileType = sourcecode.c.h; path = MA_ThreadDemoVC.h; sourceTree = "<group>"; };
		AAB804E42490CC550044CDEF /* MA_ThreadDemoVC.m */ = {isa = PBXFileReference; lastKnownFileType = sourcecode.c.objc; path = MA_ThreadDemoVC.m; sourceTree = "<group>"; };
/* End PBXFileReference section */

/* Begin PBXFrameworksBuildPhase section */
		AA62BDC3247B72D2008BED5B /* Frameworks */ = {
			isa = PBXFrameworksBuildPhase;
			buildActionMask = 2147483647;
			files = (
			);
			runOnlyForDeploymentPostprocessing = 0;
		};
/* End PBXFrameworksBuildPhase section */

/* Begin PBXGroup section */
		AA62BDBD247B72D2008BED5B = {
			isa = PBXGroup;
			children = (
				AA62BDC8247B72D2008BED5B /* ThreadDemo */,
				AA62BDC7247B72D2008BED5B /* Products */,
			);
			sourceTree = "<group>";
		};
		AA62BDC7247B72D2008BED5B /* Products */ = {
			isa = PBXGroup;
			children = (
				AA62BDC6247B72D2008BED5B /* ThreadDemo.app */,
			);
			name = Products;
			sourceTree = "<group>";
		};
		AA62BDC8247B72D2008BED5B /* ThreadDemo */ = {
			isa = PBXGroup;
			children = (
				AA62BDC9247B72D2008BED5B /* AppDelegate.h */,
				AA62BDCA247B72D2008BED5B /* AppDelegate.m */,
				AA62BDCC247B72D2008BED5B /* SceneDelegate.h */,
				AA62BDCD247B72D2008BED5B /* SceneDelegate.m */,
				AA62BDE2247B76C6008BED5B /* MA_ThreadVC.h */,
				AA62BDE3247B76C6008BED5B /* MA_ThreadVC.m */,
				AAB804E32490CC550044CDEF /* MA_ThreadDemoVC.h */,
				AAB804E42490CC550044CDEF /* MA_ThreadDemoVC.m */,
				AAB804E0248F7AE30044CDEF /* MA_Thread.h */,
				AAB804E1248F7AE30044CDEF /* MA_Thread.m */,
				AA98DA592498D76E00FB1BEC /* MA_Model.h */,
				AA98DA5A2498D76E00FB1BEC /* MA_Model.m */,
				AA62BDCF247B72D2008BED5B /* ViewController.h */,
				AA62BDD0247B72D2008BED5B /* ViewController.m */,
				AA62BDD2247B72D2008BED5B /* Main.storyboard */,
				AA62BDD5247B72D4008BED5B /* Assets.xcassets */,
				AA62BDD7247B72D4008BED5B /* LaunchScreen.storyboard */,
				AA62BDDA247B72D4008BED5B /* Info.plist */,
				AA62BDDB247B72D4008BED5B /* main.m */,
			);
			path = ThreadDemo;
			sourceTree = "<group>";
		};
/* End PBXGroup section */

/* Begin PBXNativeTarget section */
		AA62BDC5247B72D2008BED5B /* ThreadDemo */ = {
			isa = PBXNativeTarget;
			buildConfigurationList = AA62BDDF247B72D4008BED5B /* Build configuration list for PBXNativeTarget "ThreadDemo" */;
			buildPhases = (
				AA62BDC2247B72D2008BED5B /* Sources */,
				AA62BDC3247B72D2008BED5B /* Frameworks */,
				AA62BDC4247B72D2008BED5B /* Resources */,
			);
			buildRules = (
			);
			dependencies = (
			);
			name = ThreadDemo;
			productName = ThreadDemo;
			productReference = AA62BDC6247B72D2008BED5B /* ThreadDemo.app */;
			productType = "com.apple.product-type.application";
		};
/* End PBXNativeTarget section */

/* Begin PBXProject section */
		AA62BDBE247B72D2008BED5B /* Project object */ = {
			isa = PBXProject;
			attributes = {
				LastUpgradeCheck = 1120;
				ORGANIZATIONNAME = LTWM;
				TargetAttributes = {
					AA62BDC5247B72D2008BED5B = {
						CreatedOnToolsVersion = 11.2.1;
					};
				};
			};
			buildConfigurationList = AA62BDC1247B72D2008BED5B /* Build configuration list for PBXProject "ThreadDemo" */;
			compatibilityVersion = "Xcode 9.3";
			developmentRegion = en;
			hasScannedForEncodings = 0;
			knownRegions = (
				en,
				Base,
			);
			mainGroup = AA62BDBD247B72D2008BED5B;
			productRefGroup = AA62BDC7247B72D2008BED5B /* Products */;
			projectDirPath = "";
			projectRoot = "";
			targets = (
				AA62BDC5247B72D2008BED5B /* ThreadDemo */,
			);
		};
/* End PBXProject section */

/* Begin PBXResourcesBuildPhase section */
		AA62BDC4247B72D2008BED5B /* Resources */ = {
			isa = PBXResourcesBuildPhase;
			buildActionMask = 2147483647;
			files = (
				AA62BDD9247B72D4008BED5B /* LaunchScreen.storyboard in Resources */,
				AA62BDD6247B72D4008BED5B /* Assets.xcassets in Resources */,
				AA62BDD4247B72D2008BED5B /* Main.storyboard in Resources */,
			);
			runOnlyForDeploymentPostprocessing = 0;
		};
/* End PBXResourcesBuildPhase section */

/* Begin PBXSourcesBuildPhase section */
		AA62BDC2247B72D2008BED5B /* Sources */ = {
			isa = PBXSourcesBuildPhase;
			buildActionMask = 2147483647;
			files = (
				AA62BDD1247B72D2008BED5B /* ViewController.m in Sources */,
				AA62BDCB247B72D2008BED5B /* AppDelegate.m in Sources */,
				AAB804E52490CC550044CDEF /* MA_ThreadDemoVC.m in Sources */,
				AA98DA5B2498D76E00FB1BEC /* MA_Model.m in Sources */,
				AA62BDDC247B72D4008BED5B /* main.m in Sources */,
				AAB804E2248F7AE30044CDEF /* MA_Thread.m in Sources */,
				AA62BDCE247B72D2008BED5B /* SceneDelegate.m in Sources */,
				AA62BDE4247B76C6008BED5B /* MA_ThreadVC.m in Sources */,
			);
			runOnlyForDeploymentPostprocessing = 0;
		};
/* End PBXSourcesBuildPhase section */

/* Begin PBXVariantGroup section */
		AA62BDD2247B72D2008BED5B /* Main.storyboard */ = {
			isa = PBXVariantGroup;
			children = (
				AA62BDD3247B72D2008BED5B /* Base */,
			);
			name = Main.storyboard;
			sourceTree = "<group>";
		};
		AA62BDD7247B72D4008BED5B /* LaunchScreen.storyboard */ = {
			isa = PBXVariantGroup;
			children = (
				AA62BDD8247B72D4008BED5B /* Base */,
			);
			name = LaunchScreen.storyboard;
			sourceTree = "<group>";
		};
/* End PBXVariantGroup section */

/* Begin XCBuildConfiguration section */
		AA62BDDD247B72D4008BED5B /* Debug */ = {
			isa = XCBuildConfiguration;
			buildSettings = {
				ALWAYS_SEARCH_USER_PATHS = NO;
				CLANG_ANALYZER_NONNULL = YES;
				CLANG_ANALYZER_NUMBER_OBJECT_CONVERSION = YES_AGGRESSIVE;
				CLANG_CXX_LANGUAGE_STANDARD = "gnu++14";
				CLANG_CXX_LIBRARY = "libc++";
				CLANG_ENABLE_MODULES = YES;
				CLANG_ENABLE_OBJC_ARC = YES;
				CLANG_ENABLE_OBJC_WEAK = YES;
				CLANG_WARN_BLOCK_CAPTURE_AUTORELEASING = YES;
				CLANG_WARN_BOOL_CONVERSION = YES;
				CLANG_WARN_COMMA = YES;
				CLANG_WARN_CONSTANT_CONVERSION = YES;
				CLANG_WARN_DEPRECATED_OBJC_IMPLEMENTATIONS = YES;
				CLANG_WARN_DIRECT_OBJC_ISA_USAGE = YES_ERROR;
				CLANG_WARN_DOCUMENTATION_COMMENTS = YES;
				CLANG_WARN_EMPTY_BODY = YES;
				CLANG_WARN_ENUM_CONVERSION = YES;
				CLANG_WARN_INFINITE_RECURSION = YES;
				CLANG_WARN_INT_CONVERSION = YES;
				CLANG_WARN_NON_LITERAL_NULL_CONVERSION = YES;
				CLANG_WARN_OBJC_IMPLICIT_RETAIN_SELF = YES;
				CLANG_WARN_OBJC_LITERAL_CONVERSION = YES;
				CLANG_WARN_OBJC_ROOT_CLASS = YES_ERROR;
				CLANG_WARN_RANGE_LOOP_ANALYSIS = YES;
				CLANG_WARN_STRICT_PROTOTYPES = YES;
				CLANG_WARN_SUSPICIOUS_MOVE = YES;
				CLANG_WARN_UNGUARDED_AVAILABILITY = YES_AGGRESSIVE;
				CLANG_WARN_UNREACHABLE_CODE = YES;
				CLANG_WARN__DUPLICATE_METHOD_MATCH = YES;
				COPY_PHASE_STRIP = NO;
				DEBUG_INFORMATION_FORMAT = dwarf;
				ENABLE_STRICT_OBJC_MSGSEND = YES;
				ENABLE_TESTABILITY = YES;
				GCC_C_LANGUAGE_STANDARD = gnu11;
				GCC_DYNAMIC_NO_PIC = NO;
				GCC_NO_COMMON_BLOCKS = YES;
				GCC_OPTIMIZATION_LEVEL = 0;
				GCC_PREPROCESSOR_DEFINITIONS = (
					"DEBUG=1",
					"$(inherited)",
				);
				GCC_WARN_64_TO_32_BIT_CONVERSION = YES;
				GCC_WARN_ABOUT_RETURN_TYPE = YES_ERROR;
				GCC_WARN_UNDECLARED_SELECTOR = YES;
				GCC_WARN_UNINITIALIZED_AUTOS = YES_AGGRESSIVE;
				GCC_WARN_UNUSED_FUNCTION = YES;
				GCC_WARN_UNUSED_VARIABLE = YES;
				IPHONEOS_DEPLOYMENT_TARGET = 13.2;
				MTL_ENABLE_DEBUG_INFO = INCLUDE_SOURCE;
				MTL_FAST_MATH = YES;
				ONLY_ACTIVE_ARCH = YES;
				SDKROOT = iphoneos;
			};
			name = Debug;
		};
		AA62BDDE247B72D4008BED5B /* Release */ = {
			isa = XCBuildConfiguration;
			buildSettings = {
				ALWAYS_SEARCH_USER_PATHS = NO;
				CLANG_ANALYZER_NONNULL = YES;
				CLANG_ANALYZER_NUMBER_OBJECT_CONVERSION = YES_AGGRESSIVE;
				CLANG_CXX_LANGUAGE_STANDARD = "gnu++14";
				CLANG_CXX_LIBRARY = "libc++";
				CLANG_ENABLE_MODULES = YES;
				CLANG_ENABLE_OBJC_ARC = YES;
				CLANG_ENABLE_OBJC_WEAK = YES;
				CLANG_WARN_BLOCK_CAPTURE_AUTORELEASING = YES;
				CLANG_WARN_BOOL_CONVERSION = YES;
				CLANG_WARN_COMMA = YES;
				CLANG_WARN_CONSTANT_CONVERSION = YES;
				CLANG_WARN_DEPRECATED_OBJC_IMPLEMENTATIONS = YES;
				CLANG_WARN_DIRECT_OBJC_ISA_USAGE = YES_ERROR;
				CLANG_WARN_DOCUMENTATION_COMMENTS = YES;
				CLANG_WARN_EMPTY_BODY = YES;
				CLANG_WARN_ENUM_CONVERSION = YES;
				CLANG_WARN_INFINITE_RECURSION = YES;
				CLANG_WARN_INT_CONVERSION = YES;
				CLANG_WARN_NON_LITERAL_NULL_CONVERSION = YES;
				CLANG_WARN_OBJC_IMPLICIT_RETAIN_SELF = YES;
				CLANG_WARN_OBJC_LITERAL_CONVERSION = YES;
				CLANG_WARN_OBJC_ROOT_CLASS = YES_ERROR;
				CLANG_WARN_RANGE_LOOP_ANALYSIS = YES;
				CLANG_WARN_STRICT_PROTOTYPES = YES;
				CLANG_WARN_SUSPICIOUS_MOVE = YES;
				CLANG_WARN_UNGUARDED_AVAILABILITY = YES_AGGRESSIVE;
				CLANG_WARN_UNREACHABLE_CODE = YES;
				CLANG_WARN__DUPLICATE_METHOD_MATCH = YES;
				COPY_PHASE_STRIP = NO;
				DEBUG_INFORMATION_FORMAT = "dwarf-with-dsym";
				ENABLE_NS_ASSERTIONS = NO;
				ENABLE_STRICT_OBJC_MSGSEND = YES;
				GCC_C_LANGUAGE_STANDARD = gnu11;
				GCC_NO_COMMON_BLOCKS = YES;
				GCC_WARN_64_TO_32_BIT_CONVERSION = YES;
				GCC_WARN_ABOUT_RETURN_TYPE = YES_ERROR;
				GCC_WARN_UNDECLARED_SELECTOR = YES;
				GCC_WARN_UNINITIALIZED_AUTOS = YES_AGGRESSIVE;
				GCC_WARN_UNUSED_FUNCTION = YES;
				GCC_WARN_UNUSED_VARIABLE = YES;
				IPHONEOS_DEPLOYMENT_TARGET = 13.2;
				MTL_ENABLE_DEBUG_INFO = NO;
				MTL_FAST_MATH = YES;
				SDKROOT = iphoneos;
				VALIDATE_PRODUCT = YES;
			};
			name = Release;
		};
		AA62BDE0247B72D4008BED5B /* Debug */ = {
			isa = XCBuildConfiguration;
			buildSettings = {
				ASSETCATALOG_COMPILER_APPICON_NAME = AppIcon;
				CODE_SIGN_STYLE = Automatic;
				DEVELOPMENT_TEAM = AYBZ9WB9WL;
				INFOPLIST_FILE = ThreadDemo/Info.plist;
				IPHONEOS_DEPLOYMENT_TARGET = 12.0;
				LD_RUNPATH_SEARCH_PATHS = (
					"$(inherited)",
					"@executable_path/Frameworks",
				);
				PRODUCT_BUNDLE_IDENTIFIER = com.86yingji.ltyw.ThreadDemo;
				PRODUCT_NAME = "$(TARGET_NAME)";
				TARGETED_DEVICE_FAMILY = "1,2";
			};
			name = Debug;
		};
		AA62BDE1247B72D4008BED5B /* Release */ = {
			isa = XCBuildConfiguration;
			buildSettings = {
				ASSETCATALOG_COMPILER_APPICON_NAME = AppIcon;
				CODE_SIGN_STYLE = Automatic;
				DEVELOPMENT_TEAM = AYBZ9WB9WL;
				INFOPLIST_FILE = ThreadDemo/Info.plist;
				IPHONEOS_DEPLOYMENT_TARGET = 12.0;
				LD_RUNPATH_SEARCH_PATHS = (
					"$(inherited)",
					"@executable_path/Frameworks",
				);
				PRODUCT_BUNDLE_IDENTIFIER = com.86yingji.ltyw.ThreadDemo;
				PRODUCT_NAME = "$(TARGET_NAME)";
				TARGETED_DEVICE_FAMILY = "1,2";
			};
			name = Release;
		};
/* End XCBuildConfiguration section */

/* Begin XCConfigurationList section */
		AA62BDC1247B72D2008BED5B /* Build configuration list for PBXProject "ThreadDemo" */ = {
			isa = XCConfigurationList;
			buildConfigurations = (
				AA62BDDD247B72D4008BED5B /* Debug */,
				AA62BDDE247B72D4008BED5B /* Release */,
			);
			defaultConfigurationIsVisible = 0;
			defaultConfigurationName = Release;
		};
		AA62BDDF247B72D4008BED5B /* Build configuration list for PBXNativeTarget "ThreadDemo" */ = {
			isa = XCConfigurationList;
			buildConfigurations = (
				AA62BDE0247B72D4008BED5B /* Debug */,
				AA62BDE1247B72D4008BED5B /* Release */,
			);
			defaultConfigurationIsVisible = 0;
			defaultConfigurationName = Release;
		};
/* End XCConfigurationList section */
	};
	rootObject = AA62BDBE247B72D2008BED5B /* Project object */;
}
